
Microsoft Visual Studio Solution File, Format Version 12.00
# Visual Studio Version 17
VisualStudioVersion = 17.5.002.0
MinimumVisualStudioVersion = 10.0.40219.1
Project("{9A19103F-16F7-4668-BE54-9A1E7A4F7556}") = "GestaoDeResiduos", "GestaoDeResiduos\GestaoDeResiduos.csproj", "{2D29D8EF-6814-4365-BBE1-116F85FE9AB0}"
EndProject
Project("{FAE04EC0-301F-11D3-BF4B-00C04F79EFBC}") = "GestaoDeResiduos", "GestaoDeResiduos.csproj", "{9C2359F6-448E-4F8D-94DC-D2C0ED1BEDF0}"
EndProject
Global
	GlobalSection(SolutionConfigurationPlatforms) = preSolution
		Debug|Any CPU = Debug|Any CPU
		Release|Any CPU = Release|Any CPU
	EndGlobalSection
	GlobalSection(ProjectConfigurationPlatforms) = postSolution
		{2D29D8EF-6814-4365-BBE1-116F85FE9AB0}.Debug|Any CPU.ActiveCfg = Debug|Any CPU
		{2D29D8EF-6814-4365-BBE1-116F85FE9AB0}.Debug|Any CPU.Build.0 = Debug|Any CPU
		{2D29D8EF-6814-4365-BBE1-116F85FE9AB0}.Release|Any CPU.ActiveCfg = Release|Any CPU
		{2D29D8EF-6814-4365-BBE1-116F85FE9AB0}.Release|Any CPU.Build.0 = Release|Any CPU
		{9C2359F6-448E-4F8D-94DC-D2C0ED1BEDF0}.Debug|Any CPU.ActiveCfg = Debug|Any CPU
		{9C2359F6-448E-4F8D-94DC-D2C0ED1BEDF0}.Debug|Any CPU.Build.0 = Debug|Any CPU
		{9C2359F6-448E-4F8D-94DC-D2C0ED1BEDF0}.Release|Any CPU.ActiveCfg = Release|Any CPU
		{9C2359F6-448E-4F8D-94DC-D2C0ED1BEDF0}.Release|Any CPU.Build.0 = Release|Any CPU
	EndGlobalSection
	GlobalSection(SolutionProperties) = preSolution
		HideSolutionNode = FALSE
	EndGlobalSection
	GlobalSection(ExtensibilityGlobals) = postSolution
		SolutionGuid = {419A2672-2EFC-4539-AA81-612D0153383C}
	EndGlobalSection
EndGlobal
